<?xml version="1.0" encoding="utf-8"?>
<Project ToolsVersion="4.0" xmlns="http://schemas.microsoft.com/developer/msbuild/2003">
  <ItemGroup>
    <FxCompile Include="Resources\shaders\TerrainPS.hlsl" />
    <FxCompile Include="Resources\shaders\TerrainVS.hlsl" />
    <FxCompile Include="Resources\shaders\ObjPS.hlsl" />
    <FxCompile Include="Resources\shaders\ObjVS.hlsl" />
    <FxCompile Include="Resources\shaders\PrimitivePS.hlsl" />
    <FxCompile Include="Resources\shaders\PrimitiveVS.hlsl" />
    <FxCompile Include="Resources\shaders\ShapePS.hlsl" />
    <FxCompile Include="Resources\shaders\ShapeVS.hlsl" />
    <FxCompile Include="Resources\shaders\SpritePS.hlsl" />
    <FxCompile Include="Resources\shaders\SpriteVS.hlsl" />
  </ItemGroup>
  <ItemGroup>
    <ClCompile Include="3d\WorldTransform.cpp" />
    <ClCompile Include="base\DirectXCommon.cpp" />
    <ClCompile Include="base\TextureManager.cpp" />
    <ClCompile Include="base\WinApp.cpp" />
    <ClCompile Include="Collider.cpp" />
    <ClCompile Include="ColliderManager.cpp" />
    <ClCompile Include="Enemy.cpp" />
    <ClCompile Include="EnemyManager.cpp" />
    <ClCompile Include="HandSkill.cpp" />
    <ClCompile Include="HandSkillManager.cpp" />
    <ClCompile Include="HandStop.cpp" />
    <ClCompile Include="input\Input.cpp" />
    <ClCompile Include="main.cpp" />
    <ClCompile Include="math\Matrix4.cpp" />
    <ClCompile Include="math\Vector2.cpp" />
    <ClCompile Include="math\Vector3.cpp" />
    <ClCompile Include="Player.cpp" />
    <ClCompile Include="PlayerHand.cpp" />
    <ClCompile Include="scene\GameScene.cpp" />
    <ClCompile Include="Setting.cpp" />
    <ClCompile Include="Util.cpp" />
    <ClCompile Include="Wall.cpp" />
    <ClCompile Include="Item.cpp" />
    <ClCompile Include="ItemManager.cpp" />
    <ClCompile Include="EffectManager.cpp">
      <Filter>Effect</Filter>
    </ClCompile>
    <ClCompile Include="EffectBurst.cpp">
      <Filter>Effect</Filter>
    </ClCompile>
    <ClCompile Include="Enemy.cpp" />
  </ItemGroup>
  <ItemGroup>
    <ClInclude Include="2d\DebugText.h" />
    <ClInclude Include="2d\Sprite.h" />
    <ClInclude Include="3d\AxisIndicator.h" />
    <ClInclude Include="3d\CircleShadow.h" />
    <ClInclude Include="3d\DebugCamera.h" />
    <ClInclude Include="3d\DirectionalLight.h" />
    <ClInclude Include="3d\LightGroup.h" />
    <ClInclude Include="3d\Material.h" />
    <ClInclude Include="3d\Mesh.h" />
    <ClInclude Include="3d\Model.h" />
    <ClInclude Include="3d\PointLight.h" />
    <ClInclude Include="3d\PrimitiveDrawer.h" />
    <ClInclude Include="3d\SpotLight.h" />
    <ClInclude Include="3d\Terrain.h" />
    <ClInclude Include="3d\TerrainCommon.h" />
    <ClInclude Include="3d\ViewProjection.h" />
    <ClInclude Include="3d\WorldTransform.h" />
    <ClInclude Include="audio\Audio.h" />
    <ClInclude Include="base\DirectXCommon.h" />
    <ClInclude Include="base\SafeDelete.h" />
    <ClInclude Include="base\TextureManager.h" />
    <ClInclude Include="base\WinApp.h" />
    <ClInclude Include="Collider.h" />
    <ClInclude Include="ColliderManager.h" />
    <ClInclude Include="CollisionConfig.h" />
    <ClInclude Include="Enemy.h" />
    <ClInclude Include="EnemyManager.h" />
    <ClInclude Include="HandSkill.h" />
    <ClInclude Include="HandSkillManager.h" />
    <ClInclude Include="HandStop.h" />
    <ClInclude Include="input\Input.h" />
    <ClInclude Include="math\MathUtility.h" />
    <ClInclude Include="math\Matrix4.h" />
    <ClInclude Include="math\Vector2.h" />
    <ClInclude Include="math\Vector3.h" />
    <ClInclude Include="math\Vector4.h" />
    <ClInclude Include="Player.h" />
    <ClInclude Include="PlayerHand.h" />
    <ClInclude Include="scene\GameScene.h" />
    <ClInclude Include="Setting.h" />
    <ClInclude Include="Util.h" />
    <ClInclude Include="Wall.h" />
    <ClInclude Include="Item.h" />
    <ClInclude Include="ItemManager.h" />
    <ClInclude Include="EffectBurst.h">
      <Filter>Effect</Filter>
    </ClInclude>
    <ClInclude Include="EffectManager.h">
      <Filter>Effect</Filter>
    </ClInclude>
  </ItemGroup>
  <ItemGroup>
    <None Include="Resources\shaders\Obj.hlsli" />
    <None Include="Resources\shaders\Primitive.hlsli" />
    <None Include="Resources\shaders\Shape.hlsli" />
    <None Include="Resources\shaders\Terrain.hlsli" />
    <None Include="Resources\shaders\Sprite.hlsli" />
  </ItemGroup>
  <ItemGroup>
    <Filter Include="Effect">
      <UniqueIdentifier>{d83fb07c-4645-4ad2-bc75-be9b813e5d88}</UniqueIdentifier>
    </Filter>
  </ItemGroup>
</Project>